
Microsoft Visual Studio Solution File, Format Version 12.00
# Visual Studio Version 17
VisualStudioVersion = 17.10.35004.147
MinimumVisualStudioVersion = 10.0.40219.1
Project("{FAE04EC0-301F-11D3-BF4B-00C04F79EFBC}") = "VendasWeb", "VendasWeb\VendasWeb.csproj", "{36606992-9743-4236-A5E4-ECA10206B821}"
EndProject
Global
	GlobalSection(SolutionConfigurationPlatforms) = preSolution
		Debug|Any CPU = Debug|Any CPU
		Release|Any CPU = Release|Any CPU
	EndGlobalSection
	GlobalSection(ProjectConfigurationPlatforms) = postSolution
		{36606992-9743-4236-A5E4-ECA10206B821}.Debug|Any CPU.ActiveCfg = Debug|Any CPU
		{36606992-9743-4236-A5E4-ECA10206B821}.Debug|Any CPU.Build.0 = Debug|Any CPU
		{36606992-9743-4236-A5E4-ECA10206B821}.Release|Any CPU.ActiveCfg = Release|Any CPU
		{36606992-9743-4236-A5E4-ECA10206B821}.Release|Any CPU.Build.0 = Release|Any CPU
	EndGlobalSection
	GlobalSection(SolutionProperties) = preSolution
		HideSolutionNode = FALSE
	EndGlobalSection
	GlobalSection(ExtensibilityGlobals) = postSolution
		SolutionGuid = {8CD62BA7-AD9D-40C3-AE3E-EC3A435320A3}
	EndGlobalSection
EndGlobal
